PODS:
  - Alamofire (4.8.2)
  - SnapKit (4.2.0)
  - SwiftyXMLParser (5.0.0)

DEPENDENCIES:
  - Alamofire (~> 4)
  - SnapKit (= 4.2.0)
  - SwiftyXMLParser (from `https://github.com/yahoojapan/SwiftyXMLParser.git`)

SPEC REPOS:
  https://github.com/cocoapods/specs.git:
    - Alamofire
    - SnapKit

EXTERNAL SOURCES:
  SwiftyXMLParser:
    :git: https://github.com/yahoojapan/SwiftyXMLParser.git

CHECKOUT OPTIONS:
  SwiftyXMLParser:
    :commit: 13c1b5efa33c6238b5560d8625af4f1a24df2bd1
    :git: https://github.com/yahoojapan/SwiftyXMLParser.git

SPEC CHECKSUMS:
  Alamofire: ae5c501addb7afdbb13687d7f2f722c78734c2d3
  SnapKit: fe8a619752f3f27075cc9a90244d75c6c3f27e2a
  SwiftyXMLParser: 5ebb8793192f403fa8cc691045143906122a7a75

PODFILE CHECKSUM: 5afd8db29bd033d90d362b26889fdd3d4dc4f3c3

COCOAPODS: 1.5.3
