// !$*UTF8*$!
{
	archiveVersion = 1;
	classes = {
	};
	objectVersion = 50;
	objects = {

/* Begin PBXBuildFile section */
		A72E6A1D5F7DD6ADBBE0B486 /* Pods_RubyConverterSwift.framework in Frameworks */ = {isa = PBXBuildFile; fileRef = CAF3CE3AEB7ED4976D2E6343 /* Pods_RubyConverterSwift.framework */; };
		E37968C0229590C40029F8CD /* AppDelegate.swift in Sources */ = {isa = PBXBuildFile; fileRef = E37968BF229590C40029F8CD /* AppDelegate.swift */; };
		E37968C7229590C60029F8CD /* Assets.xcassets in Resources */ = {isa = PBXBuildFile; fileRef = E37968C6229590C60029F8CD /* Assets.xcassets */; };
		E37968CA229590C60029F8CD /* LaunchScreen.storyboard in Resources */ = {isa = PBXBuildFile; fileRef = E37968C8229590C60029F8CD /* LaunchScreen.storyboard */; };
		E379691C2296E5760029F8CD /* APIRequest.swift in Sources */ = {isa = PBXBuildFile; fileRef = E379691B2296E5760029F8CD /* APIRequest.swift */; };
		E379691E2296E6330029F8CD /* RCAPIClient.swift in Sources */ = {isa = PBXBuildFile; fileRef = E379691D2296E6330029F8CD /* RCAPIClient.swift */; };
		E37969212297B8650029F8CD /* RCInputViewController.swift in Sources */ = {isa = PBXBuildFile; fileRef = E37969202297B8650029F8CD /* RCInputViewController.swift */; };
		E37969232297C5F90029F8CD /* RCOutputViewController.swift in Sources */ = {isa = PBXBuildFile; fileRef = E37969222297C5F90029F8CD /* RCOutputViewController.swift */; };
		E37969292298D1D20029F8CD /* RCObject.swift in Sources */ = {isa = PBXBuildFile; fileRef = E37969282298D1D20029F8CD /* RCObject.swift */; };
		E379692B2298D2170029F8CD /* XMLParsableObject.swift in Sources */ = {isa = PBXBuildFile; fileRef = E379692A2298D2170029F8CD /* XMLParsableObject.swift */; };
		E379692D229911A50029F8CD /* RCGradeListViewController.swift in Sources */ = {isa = PBXBuildFile; fileRef = E379692C229911A50029F8CD /* RCGradeListViewController.swift */; };
		E379692F229913460029F8CD /* RCConstaints.swift in Sources */ = {isa = PBXBuildFile; fileRef = E379692E229913460029F8CD /* RCConstaints.swift */; };
		E3796932229939310029F8CD /* Main.storyboard in Resources */ = {isa = PBXBuildFile; fileRef = E3796930229939310029F8CD /* Main.storyboard */; };
		E379693422993A010029F8CD /* ViewController.swift in Sources */ = {isa = PBXBuildFile; fileRef = E379693322993A010029F8CD /* ViewController.swift */; };
/* End PBXBuildFile section */

/* Begin PBXFileReference section */
		12787EDD3D535FD0858CDC4D /* Pods-RubyConverterSwift.release.xcconfig */ = {isa = PBXFileReference; includeInIndex = 1; lastKnownFileType = text.xcconfig; name = "Pods-RubyConverterSwift.release.xcconfig"; path = "Pods/Target Support Files/Pods-RubyConverterSwift/Pods-RubyConverterSwift.release.xcconfig"; sourceTree = "<group>"; };
		38FD73AC945AF937FEC4C477 /* Pods-RubyConverterSwift.debug.xcconfig */ = {isa = PBXFileReference; includeInIndex = 1; lastKnownFileType = text.xcconfig; name = "Pods-RubyConverterSwift.debug.xcconfig"; path = "Pods/Target Support Files/Pods-RubyConverterSwift/Pods-RubyConverterSwift.debug.xcconfig"; sourceTree = "<group>"; };
		CAF3CE3AEB7ED4976D2E6343 /* Pods_RubyConverterSwift.framework */ = {isa = PBXFileReference; explicitFileType = wrapper.framework; includeInIndex = 0; path = Pods_RubyConverterSwift.framework; sourceTree = BUILT_PRODUCTS_DIR; };
		E37968BC229590C40029F8CD /* RubyConverterSwift.app */ = {isa = PBXFileReference; explicitFileType = wrapper.application; includeInIndex = 0; path = RubyConverterSwift.app; sourceTree = BUILT_PRODUCTS_DIR; };
		E37968BF229590C40029F8CD /* AppDelegate.swift */ = {isa = PBXFileReference; lastKnownFileType = sourcecode.swift; path = AppDelegate.swift; sourceTree = "<group>"; };
		E37968C6229590C60029F8CD /* Assets.xcassets */ = {isa = PBXFileReference; lastKnownFileType = folder.assetcatalog; path = Assets.xcassets; sourceTree = "<group>"; };
		E37968C9229590C60029F8CD /* Base */ = {isa = PBXFileReference; lastKnownFileType = file.storyboard; name = Base; path = Base.lproj/LaunchScreen.storyboard; sourceTree = "<group>"; };
		E37968CB229590C60029F8CD /* Info.plist */ = {isa = PBXFileReference; lastKnownFileType = text.plist.xml; path = Info.plist; sourceTree = "<group>"; };
		E379690A2295A1300029F8CD /* MyPlayground.playground */ = {isa = PBXFileReference; lastKnownFileType = file.playground; path = MyPlayground.playground; sourceTree = "<group>"; xcLanguageSpecificationIdentifier = xcode.lang.swift; };
		E379691B2296E5760029F8CD /* APIRequest.swift */ = {isa = PBXFileReference; lastKnownFileType = sourcecode.swift; path = APIRequest.swift; sourceTree = "<group>"; };
		E379691D2296E6330029F8CD /* RCAPIClient.swift */ = {isa = PBXFileReference; lastKnownFileType = sourcecode.swift; path = RCAPIClient.swift; sourceTree = "<group>"; };
		E37969202297B8650029F8CD /* RCInputViewController.swift */ = {isa = PBXFileReference; lastKnownFileType = sourcecode.swift; path = RCInputViewController.swift; sourceTree = "<group>"; };
		E37969222297C5F90029F8CD /* RCOutputViewController.swift */ = {isa = PBXFileReference; lastKnownFileType = sourcecode.swift; path = RCOutputViewController.swift; sourceTree = "<group>"; };
		E37969282298D1D20029F8CD /* RCObject.swift */ = {isa = PBXFileReference; lastKnownFileType = sourcecode.swift; path = RCObject.swift; sourceTree = "<group>"; };
		E379692A2298D2170029F8CD /* XMLParsableObject.swift */ = {isa = PBXFileReference; lastKnownFileType = sourcecode.swift; path = XMLParsableObject.swift; sourceTree = "<group>"; };
		E379692C229911A50029F8CD /* RCGradeListViewController.swift */ = {isa = PBXFileReference; lastKnownFileType = sourcecode.swift; path = RCGradeListViewController.swift; sourceTree = "<group>"; };
		E379692E229913460029F8CD /* RCConstaints.swift */ = {isa = PBXFileReference; lastKnownFileType = sourcecode.swift; path = RCConstaints.swift; sourceTree = "<group>"; };
		E3796931229939310029F8CD /* Base */ = {isa = PBXFileReference; lastKnownFileType = file.storyboard; name = Base; path = Base.lproj/Main.storyboard; sourceTree = "<group>"; };
		E379693322993A010029F8CD /* ViewController.swift */ = {isa = PBXFileReference; fileEncoding = 4; lastKnownFileType = sourcecode.swift; path = ViewController.swift; sourceTree = "<group>"; };
/* End PBXFileReference section */

/* Begin PBXFrameworksBuildPhase section */
		E37968B9229590C40029F8CD /* Frameworks */ = {
			isa = PBXFrameworksBuildPhase;
			buildActionMask = 2147483647;
			files = (
				A72E6A1D5F7DD6ADBBE0B486 /* Pods_RubyConverterSwift.framework in Frameworks */,
			);
			runOnlyForDeploymentPostprocessing = 0;
		};
/* End PBXFrameworksBuildPhase section */

/* Begin PBXGroup section */
		41EC89196EA2DF227A03B764 /* Frameworks */ = {
			isa = PBXGroup;
			children = (
				CAF3CE3AEB7ED4976D2E6343 /* Pods_RubyConverterSwift.framework */,
			);
			name = Frameworks;
			sourceTree = "<group>";
		};
		683EA17629892C793EB1456A /* Pods */ = {
			isa = PBXGroup;
			children = (
				38FD73AC945AF937FEC4C477 /* Pods-RubyConverterSwift.debug.xcconfig */,
				12787EDD3D535FD0858CDC4D /* Pods-RubyConverterSwift.release.xcconfig */,
			);
			name = Pods;
			sourceTree = "<group>";
		};
		E37968B3229590C40029F8CD = {
			isa = PBXGroup;
			children = (
				E379690A2295A1300029F8CD /* MyPlayground.playground */,
				E37968BE229590C40029F8CD /* RubyConverterSwift */,
				E37968BD229590C40029F8CD /* Products */,
				683EA17629892C793EB1456A /* Pods */,
				41EC89196EA2DF227A03B764 /* Frameworks */,
			);
			sourceTree = "<group>";
		};
		E37968BD229590C40029F8CD /* Products */ = {
			isa = PBXGroup;
			children = (
				E37968BC229590C40029F8CD /* RubyConverterSwift.app */,
			);
			name = Products;
			sourceTree = "<group>";
		};
		E37968BE229590C40029F8CD /* RubyConverterSwift */ = {
			isa = PBXGroup;
			children = (
				E37969272298D1B10029F8CD /* Model */,
				E379691F2297B8260029F8CD /* UI */,
				E379690D2296330F0029F8CD /* API */,
				E37968BF229590C40029F8CD /* AppDelegate.swift */,
				E379693322993A010029F8CD /* ViewController.swift */,
				E37968C6229590C60029F8CD /* Assets.xcassets */,
				E3796930229939310029F8CD /* Main.storyboard */,
				E37968C8229590C60029F8CD /* LaunchScreen.storyboard */,
				E37968CB229590C60029F8CD /* Info.plist */,
			);
			path = RubyConverterSwift;
			sourceTree = "<group>";
		};
		E379690D2296330F0029F8CD /* API */ = {
			isa = PBXGroup;
			children = (
				E3796911229652BE0029F8CD /* NetworkLayer */,
				E379690E229635650029F8CD /* RCApi */,
			);
			path = API;
			sourceTree = "<group>";
		};
		E379690E229635650029F8CD /* RCApi */ = {
			isa = PBXGroup;
			children = (
				E379691D2296E6330029F8CD /* RCAPIClient.swift */,
			);
			path = RCApi;
			sourceTree = "<group>";
		};
		E3796911229652BE0029F8CD /* NetworkLayer */ = {
			isa = PBXGroup;
			children = (
				E379691B2296E5760029F8CD /* APIRequest.swift */,
			);
			path = NetworkLayer;
			sourceTree = "<group>";
		};
		E379691F2297B8260029F8CD /* UI */ = {
			isa = PBXGroup;
			children = (
				E37969202297B8650029F8CD /* RCInputViewController.swift */,
				E37969222297C5F90029F8CD /* RCOutputViewController.swift */,
				E379692C229911A50029F8CD /* RCGradeListViewController.swift */,
			);
			path = UI;
			sourceTree = "<group>";
		};
		E37969272298D1B10029F8CD /* Model */ = {
			isa = PBXGroup;
			children = (
				E37969282298D1D20029F8CD /* RCObject.swift */,
				E379692A2298D2170029F8CD /* XMLParsableObject.swift */,
				E379692E229913460029F8CD /* RCConstaints.swift */,
			);
			path = Model;
			sourceTree = "<group>";
		};
/* End PBXGroup section */

/* Begin PBXNativeTarget section */
		E37968BB229590C40029F8CD /* RubyConverterSwift */ = {
			isa = PBXNativeTarget;
			buildConfigurationList = E37968CE229590C60029F8CD /* Build configuration list for PBXNativeTarget "RubyConverterSwift" */;
			buildPhases = (
				A2BCEE9DF514B6D908C5BAC1 /* [CP] Check Pods Manifest.lock */,
				E37968B8229590C40029F8CD /* Sources */,
				E37968B9229590C40029F8CD /* Frameworks */,
				E37968BA229590C40029F8CD /* Resources */,
				1F3968AE00A3F71B1A7DECD5 /* [CP] Embed Pods Frameworks */,
			);
			buildRules = (
			);
			dependencies = (
			);
			name = RubyConverterSwift;
			productName = RubyConverterSwift;
			productReference = E37968BC229590C40029F8CD /* RubyConverterSwift.app */;
			productType = "com.apple.product-type.application";
		};
/* End PBXNativeTarget section */

/* Begin PBXProject section */
		E37968B4229590C40029F8CD /* Project object */ = {
			isa = PBXProject;
			attributes = {
				LastSwiftUpdateCheck = 1010;
				LastUpgradeCheck = 1010;
				ORGANIZATIONNAME = "Chan Ka Ho, Paul";
				TargetAttributes = {
					E37968BB229590C40029F8CD = {
						CreatedOnToolsVersion = 10.1;
					};
				};
			};
			buildConfigurationList = E37968B7229590C40029F8CD /* Build configuration list for PBXProject "RubyConverterSwift" */;
			compatibilityVersion = "Xcode 9.3";
			developmentRegion = en;
			hasScannedForEncodings = 0;
			knownRegions = (
				en,
				Base,
			);
			mainGroup = E37968B3229590C40029F8CD;
			productRefGroup = E37968BD229590C40029F8CD /* Products */;
			projectDirPath = "";
			projectRoot = "";
			targets = (
				E37968BB229590C40029F8CD /* RubyConverterSwift */,
			);
		};
/* End PBXProject section */

/* Begin PBXResourcesBuildPhase section */
		E37968BA229590C40029F8CD /* Resources */ = {
			isa = PBXResourcesBuildPhase;
			buildActionMask = 2147483647;
			files = (
				E3796932229939310029F8CD /* Main.storyboard in Resources */,
				E37968CA229590C60029F8CD /* LaunchScreen.storyboard in Resources */,
				E37968C7229590C60029F8CD /* Assets.xcassets in Resources */,
			);
			runOnlyForDeploymentPostprocessing = 0;
		};
/* End PBXResourcesBuildPhase section */

/* Begin PBXShellScriptBuildPhase section */
		1F3968AE00A3F71B1A7DECD5 /* [CP] Embed Pods Frameworks */ = {
			isa = PBXShellScriptBuildPhase;
			buildActionMask = 2147483647;
			files = (
			);
			inputFileListPaths = (
			);
			inputPaths = (
				"${SRCROOT}/Pods/Target Support Files/Pods-RubyConverterSwift/Pods-RubyConverterSwift-frameworks.sh",
				"${BUILT_PRODUCTS_DIR}/Alamofire/Alamofire.framework",
				"${BUILT_PRODUCTS_DIR}/SnapKit/SnapKit.framework",
				"${BUILT_PRODUCTS_DIR}/SwiftyXMLParser/SwiftyXMLParser.framework",
			);
			name = "[CP] Embed Pods Frameworks";
			outputFileListPaths = (
			);
			outputPaths = (
				"${TARGET_BUILD_DIR}/${FRAMEWORKS_FOLDER_PATH}/Alamofire.framework",
				"${TARGET_BUILD_DIR}/${FRAMEWORKS_FOLDER_PATH}/SnapKit.framework",
				"${TARGET_BUILD_DIR}/${FRAMEWORKS_FOLDER_PATH}/SwiftyXMLParser.framework",
			);
			runOnlyForDeploymentPostprocessing = 0;
			shellPath = /bin/sh;
			shellScript = "\"${SRCROOT}/Pods/Target Support Files/Pods-RubyConverterSwift/Pods-RubyConverterSwift-frameworks.sh\"\n";
			showEnvVarsInLog = 0;
		};
		A2BCEE9DF514B6D908C5BAC1 /* [CP] Check Pods Manifest.lock */ = {
			isa = PBXShellScriptBuildPhase;
			buildActionMask = 2147483647;
			files = (
			);
			inputFileListPaths = (
			);
			inputPaths = (
				"${PODS_PODFILE_DIR_PATH}/Podfile.lock",
				"${PODS_ROOT}/Manifest.lock",
			);
			name = "[CP] Check Pods Manifest.lock";
			outputFileListPaths = (
			);
			outputPaths = (
				"$(DERIVED_FILE_DIR)/Pods-RubyConverterSwift-checkManifestLockResult.txt",
			);
			runOnlyForDeploymentPostprocessing = 0;
			shellPath = /bin/sh;
			shellScript = "diff \"${PODS_PODFILE_DIR_PATH}/Podfile.lock\" \"${PODS_ROOT}/Manifest.lock\" > /dev/null\nif [ $? != 0 ] ; then\n    # print error to STDERR\n    echo \"error: The sandbox is not in sync with the Podfile.lock. Run 'pod install' or update your CocoaPods installation.\" >&2\n    exit 1\nfi\n# This output is used by Xcode 'outputs' to avoid re-running this script phase.\necho \"SUCCESS\" > \"${SCRIPT_OUTPUT_FILE_0}\"\n";
			showEnvVarsInLog = 0;
		};
/* End PBXShellScriptBuildPhase section */

/* Begin PBXSourcesBuildPhase section */
		E37968B8229590C40029F8CD /* Sources */ = {
			isa = PBXSourcesBuildPhase;
			buildActionMask = 2147483647;
			files = (
				E379693422993A010029F8CD /* ViewController.swift in Sources */,
				E379692F229913460029F8CD /* RCConstaints.swift in Sources */,
				E379691E2296E6330029F8CD /* RCAPIClient.swift in Sources */,
				E37969232297C5F90029F8CD /* RCOutputViewController.swift in Sources */,
				E379692D229911A50029F8CD /* RCGradeListViewController.swift in Sources */,
				E37968C0229590C40029F8CD /* AppDelegate.swift in Sources */,
				E379692B2298D2170029F8CD /* XMLParsableObject.swift in Sources */,
				E37969292298D1D20029F8CD /* RCObject.swift in Sources */,
				E37969212297B8650029F8CD /* RCInputViewController.swift in Sources */,
				E379691C2296E5760029F8CD /* APIRequest.swift in Sources */,
			);
			runOnlyForDeploymentPostprocessing = 0;
		};
/* End PBXSourcesBuildPhase section */

/* Begin PBXVariantGroup section */
		E37968C8229590C60029F8CD /* LaunchScreen.storyboard */ = {
			isa = PBXVariantGroup;
			children = (
				E37968C9229590C60029F8CD /* Base */,
			);
			name = LaunchScreen.storyboard;
			sourceTree = "<group>";
		};
		E3796930229939310029F8CD /* Main.storyboard */ = {
			isa = PBXVariantGroup;
			children = (
				E3796931229939310029F8CD /* Base */,
			);
			name = Main.storyboard;
			sourceTree = "<group>";
		};
/* End PBXVariantGroup section */

/* Begin XCBuildConfiguration section */
		E37968CC229590C60029F8CD /* Debug */ = {
			isa = XCBuildConfiguration;
			buildSettings = {
				ALWAYS_SEARCH_USER_PATHS = NO;
				CLANG_ANALYZER_NONNULL = YES;
				CLANG_ANALYZER_NUMBER_OBJECT_CONVERSION = YES_AGGRESSIVE;
				CLANG_CXX_LANGUAGE_STANDARD = "gnu++14";
				CLANG_CXX_LIBRARY = "libc++";
				CLANG_ENABLE_MODULES = YES;
				CLANG_ENABLE_OBJC_ARC = YES;
				CLANG_ENABLE_OBJC_WEAK = YES;
				CLANG_WARN_BLOCK_CAPTURE_AUTORELEASING = YES;
				CLANG_WARN_BOOL_CONVERSION = YES;
				CLANG_WARN_COMMA = YES;
				CLANG_WARN_CONSTANT_CONVERSION = YES;
				CLANG_WARN_DEPRECATED_OBJC_IMPLEMENTATIONS = YES;
				CLANG_WARN_DIRECT_OBJC_ISA_USAGE = YES_ERROR;
				CLANG_WARN_DOCUMENTATION_COMMENTS = YES;
				CLANG_WARN_EMPTY_BODY = YES;
				CLANG_WARN_ENUM_CONVERSION = YES;
				CLANG_WARN_INFINITE_RECURSION = YES;
				CLANG_WARN_INT_CONVERSION = YES;
				CLANG_WARN_NON_LITERAL_NULL_CONVERSION = YES;
				CLANG_WARN_OBJC_IMPLICIT_RETAIN_SELF = YES;
				CLANG_WARN_OBJC_LITERAL_CONVERSION = YES;
				CLANG_WARN_OBJC_ROOT_CLASS = YES_ERROR;
				CLANG_WARN_RANGE_LOOP_ANALYSIS = YES;
				CLANG_WARN_STRICT_PROTOTYPES = YES;
				CLANG_WARN_SUSPICIOUS_MOVE = YES;
				CLANG_WARN_UNGUARDED_AVAILABILITY = YES_AGGRESSIVE;
				CLANG_WARN_UNREACHABLE_CODE = YES;
				CLANG_WARN__DUPLICATE_METHOD_MATCH = YES;
				CODE_SIGN_IDENTITY = "iPhone Developer";
				COPY_PHASE_STRIP = NO;
				DEBUG_INFORMATION_FORMAT = dwarf;
				ENABLE_STRICT_OBJC_MSGSEND = YES;
				ENABLE_TESTABILITY = YES;
				GCC_C_LANGUAGE_STANDARD = gnu11;
				GCC_DYNAMIC_NO_PIC = NO;
				GCC_NO_COMMON_BLOCKS = YES;
				GCC_OPTIMIZATION_LEVEL = 0;
				GCC_PREPROCESSOR_DEFINITIONS = (
					"DEBUG=1",
					"$(inherited)",
				);
				GCC_WARN_64_TO_32_BIT_CONVERSION = YES;
				GCC_WARN_ABOUT_RETURN_TYPE = YES_ERROR;
				GCC_WARN_UNDECLARED_SELECTOR = YES;
				GCC_WARN_UNINITIALIZED_AUTOS = YES_AGGRESSIVE;
				GCC_WARN_UNUSED_FUNCTION = YES;
				GCC_WARN_UNUSED_VARIABLE = YES;
				IPHONEOS_DEPLOYMENT_TARGET = 12.0;
				MTL_ENABLE_DEBUG_INFO = INCLUDE_SOURCE;
				MTL_FAST_MATH = YES;
				ONLY_ACTIVE_ARCH = YES;
				SDKROOT = iphoneos;
				SWIFT_ACTIVE_COMPILATION_CONDITIONS = DEBUG;
				SWIFT_OPTIMIZATION_LEVEL = "-Onone";
			};
			name = Debug;
		};
		E37968CD229590C60029F8CD /* Release */ = {
			isa = XCBuildConfiguration;
			buildSettings = {
				ALWAYS_SEARCH_USER_PATHS = NO;
				CLANG_ANALYZER_NONNULL = YES;
				CLANG_ANALYZER_NUMBER_OBJECT_CONVERSION = YES_AGGRESSIVE;
				CLANG_CXX_LANGUAGE_STANDARD = "gnu++14";
				CLANG_CXX_LIBRARY = "libc++";
				CLANG_ENABLE_MODULES = YES;
				CLANG_ENABLE_OBJC_ARC = YES;
				CLANG_ENABLE_OBJC_WEAK = YES;
				CLANG_WARN_BLOCK_CAPTURE_AUTORELEASING = YES;
				CLANG_WARN_BOOL_CONVERSION = YES;
				CLANG_WARN_COMMA = YES;
				CLANG_WARN_CONSTANT_CONVERSION = YES;
				CLANG_WARN_DEPRECATED_OBJC_IMPLEMENTATIONS = YES;
				CLANG_WARN_DIRECT_OBJC_ISA_USAGE = YES_ERROR;
				CLANG_WARN_DOCUMENTATION_COMMENTS = YES;
				CLANG_WARN_EMPTY_BODY = YES;
				CLANG_WARN_ENUM_CONVERSION = YES;
				CLANG_WARN_INFINITE_RECURSION = YES;
				CLANG_WARN_INT_CONVERSION = YES;
				CLANG_WARN_NON_LITERAL_NULL_CONVERSION = YES;
				CLANG_WARN_OBJC_IMPLICIT_RETAIN_SELF = YES;
				CLANG_WARN_OBJC_LITERAL_CONVERSION = YES;
				CLANG_WARN_OBJC_ROOT_CLASS = YES_ERROR;
				CLANG_WARN_RANGE_LOOP_ANALYSIS = YES;
				CLANG_WARN_STRICT_PROTOTYPES = YES;
				CLANG_WARN_SUSPICIOUS_MOVE = YES;
				CLANG_WARN_UNGUARDED_AVAILABILITY = YES_AGGRESSIVE;
				CLANG_WARN_UNREACHABLE_CODE = YES;
				CLANG_WARN__DUPLICATE_METHOD_MATCH = YES;
				CODE_SIGN_IDENTITY = "iPhone Developer";
				COPY_PHASE_STRIP = NO;
				DEBUG_INFORMATION_FORMAT = "dwarf-with-dsym";
				ENABLE_NS_ASSERTIONS = NO;
				ENABLE_STRICT_OBJC_MSGSEND = YES;
				GCC_C_LANGUAGE_STANDARD = gnu11;
				GCC_NO_COMMON_BLOCKS = YES;
				GCC_WARN_64_TO_32_BIT_CONVERSION = YES;
				GCC_WARN_ABOUT_RETURN_TYPE = YES_ERROR;
				GCC_WARN_UNDECLARED_SELECTOR = YES;
				GCC_WARN_UNINITIALIZED_AUTOS = YES_AGGRESSIVE;
				GCC_WARN_UNUSED_FUNCTION = YES;
				GCC_WARN_UNUSED_VARIABLE = YES;
				IPHONEOS_DEPLOYMENT_TARGET = 12.0;
				MTL_ENABLE_DEBUG_INFO = NO;
				MTL_FAST_MATH = YES;
				SDKROOT = iphoneos;
				SWIFT_COMPILATION_MODE = wholemodule;
				SWIFT_OPTIMIZATION_LEVEL = "-O";
				VALIDATE_PRODUCT = YES;
			};
			name = Release;
		};
		E37968CF229590C60029F8CD /* Debug */ = {
			isa = XCBuildConfiguration;
			baseConfigurationReference = 38FD73AC945AF937FEC4C477 /* Pods-RubyConverterSwift.debug.xcconfig */;
			buildSettings = {
				ASSETCATALOG_COMPILER_APPICON_NAME = AppIcon;
				CODE_SIGN_STYLE = Automatic;
				INFOPLIST_FILE = RubyConverterSwift/Info.plist;
				IPHONEOS_DEPLOYMENT_TARGET = 12.0;
				LD_RUNPATH_SEARCH_PATHS = (
					"$(inherited)",
					"@executable_path/Frameworks",
				);
				PRODUCT_BUNDLE_IDENTIFIER = com.paul.RubyConverterSwift;
				PRODUCT_NAME = "$(TARGET_NAME)";
				SWIFT_VERSION = 4.2;
				TARGETED_DEVICE_FAMILY = "1,2";
			};
			name = Debug;
		};
		E37968D0229590C60029F8CD /* Release */ = {
			isa = XCBuildConfiguration;
			baseConfigurationReference = 12787EDD3D535FD0858CDC4D /* Pods-RubyConverterSwift.release.xcconfig */;
			buildSettings = {
				ASSETCATALOG_COMPILER_APPICON_NAME = AppIcon;
				CODE_SIGN_STYLE = Automatic;
				INFOPLIST_FILE = RubyConverterSwift/Info.plist;
				IPHONEOS_DEPLOYMENT_TARGET = 12.0;
				LD_RUNPATH_SEARCH_PATHS = (
					"$(inherited)",
					"@executable_path/Frameworks",
				);
				PRODUCT_BUNDLE_IDENTIFIER = com.paul.RubyConverterSwift;
				PRODUCT_NAME = "$(TARGET_NAME)";
				SWIFT_VERSION = 4.2;
				TARGETED_DEVICE_FAMILY = "1,2";
			};
			name = Release;
		};
/* End XCBuildConfiguration section */

/* Begin XCConfigurationList section */
		E37968B7229590C40029F8CD /* Build configuration list for PBXProject "RubyConverterSwift" */ = {
			isa = XCConfigurationList;
			buildConfigurations = (
				E37968CC229590C60029F8CD /* Debug */,
				E37968CD229590C60029F8CD /* Release */,
			);
			defaultConfigurationIsVisible = 0;
			defaultConfigurationName = Release;
		};
		E37968CE229590C60029F8CD /* Build configuration list for PBXNativeTarget "RubyConverterSwift" */ = {
			isa = XCConfigurationList;
			buildConfigurations = (
				E37968CF229590C60029F8CD /* Debug */,
				E37968D0229590C60029F8CD /* Release */,
			);
			defaultConfigurationIsVisible = 0;
			defaultConfigurationName = Release;
		};
/* End XCConfigurationList section */
	};
	rootObject = E37968B4229590C40029F8CD /* Project object */;
}
